
Microsoft Visual Studio Solution File, Format Version 12.00
# Visual Studio Version 17
VisualStudioVersion = 17.11.35312.102
MinimumVisualStudioVersion = 10.0.40219.1
Project("{9A19103F-16F7-4668-BE54-9A1E7A4F7556}") = "Proyecto2024.Server", "Proyecto2024.Server\Proyecto2024.Server.csproj", "{D2FD22FA-5192-4C2E-899B-28717B18BB99}"
EndProject
Project("{9A19103F-16F7-4668-BE54-9A1E7A4F7556}") = "Proyecto2024.BD", "Proyecto2024.BD\Proyecto2024.BD.csproj", "{29E8AFD2-1864-48B1-AE6C-2E278723B592}"
EndProject
Project("{FAE04EC0-301F-11D3-BF4B-00C04F79EFBC}") = "Proyecto2024.Shared", "Proyecto2024.Shared\Proyecto2024.Shared.csproj", "{9E9AAF40-722D-4213-9C45-801A7C3E2ACC}"
EndProject
Global
	GlobalSection(SolutionConfigurationPlatforms) = preSolution
		Debug|Any CPU = Debug|Any CPU
		Release|Any CPU = Release|Any CPU
	EndGlobalSection
	GlobalSection(ProjectConfigurationPlatforms) = postSolution
		{D2FD22FA-5192-4C2E-899B-28717B18BB99}.Debug|Any CPU.ActiveCfg = Debug|Any CPU
		{D2FD22FA-5192-4C2E-899B-28717B18BB99}.Debug|Any CPU.Build.0 = Debug|Any CPU
		{D2FD22FA-5192-4C2E-899B-28717B18BB99}.Release|Any CPU.ActiveCfg = Release|Any CPU
		{D2FD22FA-5192-4C2E-899B-28717B18BB99}.Release|Any CPU.Build.0 = Release|Any CPU
		{29E8AFD2-1864-48B1-AE6C-2E278723B592}.Debug|Any CPU.ActiveCfg = Debug|Any CPU
		{29E8AFD2-1864-48B1-AE6C-2E278723B592}.Debug|Any CPU.Build.0 = Debug|Any CPU
		{29E8AFD2-1864-48B1-AE6C-2E278723B592}.Release|Any CPU.ActiveCfg = Release|Any CPU
		{29E8AFD2-1864-48B1-AE6C-2E278723B592}.Release|Any CPU.Build.0 = Release|Any CPU
		{9E9AAF40-722D-4213-9C45-801A7C3E2ACC}.Debug|Any CPU.ActiveCfg = Debug|Any CPU
		{9E9AAF40-722D-4213-9C45-801A7C3E2ACC}.Debug|Any CPU.Build.0 = Debug|Any CPU
		{9E9AAF40-722D-4213-9C45-801A7C3E2ACC}.Release|Any CPU.ActiveCfg = Release|Any CPU
		{9E9AAF40-722D-4213-9C45-801A7C3E2ACC}.Release|Any CPU.Build.0 = Release|Any CPU
	EndGlobalSection
	GlobalSection(SolutionProperties) = preSolution
		HideSolutionNode = FALSE
	EndGlobalSection
	GlobalSection(ExtensibilityGlobals) = postSolution
		SolutionGuid = {36951379-3628-46EE-8F34-501C3A96CE08}
	EndGlobalSection
EndGlobal
